// !$*UTF8*$!
{
	archiveVersion = 1;
	classes = {
	};
	objectVersion = 46;
	objects = {

/* Begin PBXBuildFile section */
		974A1A3C1BC6E5F6001E1FA3 /* PlaykidsZendeskSDK.h in Headers */ = {isa = PBXBuildFile; fileRef = 974A1A3B1BC6E5F6001E1FA3 /* PlaykidsZendeskSDK.h */; settings = {ATTRIBUTES = (Public, ); }; };
		974A1A431BC6E5F7001E1FA3 /* PlaykidsZendeskSDK.framework in Frameworks */ = {isa = PBXBuildFile; fileRef = 974A1A381BC6E5F6001E1FA3 /* PlaykidsZendeskSDK.framework */; settings = {ASSET_TAGS = (); }; };
		974A1A481BC6E5F7001E1FA3 /* PlaykidsZendeskSDKTests.m in Sources */ = {isa = PBXBuildFile; fileRef = 974A1A471BC6E5F7001E1FA3 /* PlaykidsZendeskSDKTests.m */; };
		974A1A5C1BC6E75D001E1FA3 /* PlaykidsZendeskFlowManager.h in Headers */ = {isa = PBXBuildFile; fileRef = 974A1A5A1BC6E75D001E1FA3 /* PlaykidsZendeskFlowManager.h */; settings = {ATTRIBUTES = (Public, ); }; };
		974A1A5D1BC6E75D001E1FA3 /* PlaykidsZendeskFlowManager.m in Sources */ = {isa = PBXBuildFile; fileRef = 974A1A5B1BC6E75D001E1FA3 /* PlaykidsZendeskFlowManager.m */; settings = {ASSET_TAGS = (); }; };
		974A1AA21BC6F52B001E1FA3 /* PlaykidsZendeskNavigationViewController.h in Headers */ = {isa = PBXBuildFile; fileRef = 974A1AA01BC6F52B001E1FA3 /* PlaykidsZendeskNavigationViewController.h */; settings = {ASSET_TAGS = (); }; };
		974A1AA31BC6F52B001E1FA3 /* PlaykidsZendeskNavigationViewController.m in Sources */ = {isa = PBXBuildFile; fileRef = 974A1AA11BC6F52B001E1FA3 /* PlaykidsZendeskNavigationViewController.m */; settings = {ASSET_TAGS = (); }; };
		974A1AAD1BC6F5DE001E1FA3 /* PlaykidsZendeskOptionsTableViewController.h in Headers */ = {isa = PBXBuildFile; fileRef = 974A1AAA1BC6F5DE001E1FA3 /* PlaykidsZendeskOptionsTableViewController.h */; settings = {ASSET_TAGS = (); }; };
		974A1AAE1BC6F5DE001E1FA3 /* PlaykidsZendeskOptionsTableViewController.m in Sources */ = {isa = PBXBuildFile; fileRef = 974A1AAB1BC6F5DE001E1FA3 /* PlaykidsZendeskOptionsTableViewController.m */; settings = {ASSET_TAGS = (); }; };
		974A1AAF1BC6F5DE001E1FA3 /* PlaykidsZendeskOptionsTableViewController.xib in Resources */ = {isa = PBXBuildFile; fileRef = 974A1AAC1BC6F5DE001E1FA3 /* PlaykidsZendeskOptionsTableViewController.xib */; settings = {ASSET_TAGS = (); }; };
		974A1AB31BC6FABB001E1FA3 /* PlaykidsZendeskOptionTableViewCell.h in Headers */ = {isa = PBXBuildFile; fileRef = 974A1AB01BC6FABB001E1FA3 /* PlaykidsZendeskOptionTableViewCell.h */; settings = {ASSET_TAGS = (); }; };
		974A1AB41BC6FABB001E1FA3 /* PlaykidsZendeskOptionTableViewCell.m in Sources */ = {isa = PBXBuildFile; fileRef = 974A1AB11BC6FABB001E1FA3 /* PlaykidsZendeskOptionTableViewCell.m */; settings = {ASSET_TAGS = (); }; };
		974A1AB51BC6FABB001E1FA3 /* PlaykidsZendeskOptionTableViewCell.xib in Resources */ = {isa = PBXBuildFile; fileRef = 974A1AB21BC6FABB001E1FA3 /* PlaykidsZendeskOptionTableViewCell.xib */; settings = {ASSET_TAGS = (); }; };
		974ECD9D1BC71FA900A288D2 /* ZendeskSDK.bundle in Resources */ = {isa = PBXBuildFile; fileRef = 974ECD9A1BC71FA900A288D2 /* ZendeskSDK.bundle */; settings = {ASSET_TAGS = (); }; };
		974ECD9E1BC71FA900A288D2 /* ZendeskSDK.framework in Frameworks */ = {isa = PBXBuildFile; fileRef = 974ECD9B1BC71FA900A288D2 /* ZendeskSDK.framework */; settings = {ASSET_TAGS = (); }; };
		974ECD9F1BC71FA900A288D2 /* ZendeskSDKStrings.bundle in Resources */ = {isa = PBXBuildFile; fileRef = 974ECD9C1BC71FA900A288D2 /* ZendeskSDKStrings.bundle */; settings = {ASSET_TAGS = (); }; };
/* End PBXBuildFile section */

/* Begin PBXContainerItemProxy section */
		974A1A441BC6E5F7001E1FA3 /* PBXContainerItemProxy */ = {
			isa = PBXContainerItemProxy;
			containerPortal = 974A1A2F1BC6E5F6001E1FA3 /* Project object */;
			proxyType = 1;
			remoteGlobalIDString = 974A1A371BC6E5F6001E1FA3;
			remoteInfo = PlaykidsZendeskSDK;
		};
/* End PBXContainerItemProxy section */

/* Begin PBXFileReference section */
		974A1A381BC6E5F6001E1FA3 /* PlaykidsZendeskSDK.framework */ = {isa = PBXFileReference; explicitFileType = wrapper.framework; includeInIndex = 0; path = PlaykidsZendeskSDK.framework; sourceTree = BUILT_PRODUCTS_DIR; };
		974A1A3B1BC6E5F6001E1FA3 /* PlaykidsZendeskSDK.h */ = {isa = PBXFileReference; lastKnownFileType = sourcecode.c.h; path = PlaykidsZendeskSDK.h; sourceTree = "<group>"; };
		974A1A3D1BC6E5F6001E1FA3 /* Info.plist */ = {isa = PBXFileReference; lastKnownFileType = text.plist.xml; path = Info.plist; sourceTree = "<group>"; };
		974A1A421BC6E5F7001E1FA3 /* PlaykidsZendeskSDKTests.xctest */ = {isa = PBXFileReference; explicitFileType = wrapper.cfbundle; includeInIndex = 0; path = PlaykidsZendeskSDKTests.xctest; sourceTree = BUILT_PRODUCTS_DIR; };
		974A1A471BC6E5F7001E1FA3 /* PlaykidsZendeskSDKTests.m */ = {isa = PBXFileReference; lastKnownFileType = sourcecode.c.objc; path = PlaykidsZendeskSDKTests.m; sourceTree = "<group>"; };
		974A1A491BC6E5F7001E1FA3 /* Info.plist */ = {isa = PBXFileReference; lastKnownFileType = text.plist.xml; path = Info.plist; sourceTree = "<group>"; };
		974A1A5A1BC6E75D001E1FA3 /* PlaykidsZendeskFlowManager.h */ = {isa = PBXFileReference; fileEncoding = 4; lastKnownFileType = sourcecode.c.h; path = PlaykidsZendeskFlowManager.h; sourceTree = "<group>"; };
		974A1A5B1BC6E75D001E1FA3 /* PlaykidsZendeskFlowManager.m */ = {isa = PBXFileReference; fileEncoding = 4; lastKnownFileType = sourcecode.c.objc; path = PlaykidsZendeskFlowManager.m; sourceTree = "<group>"; };
		974A1AA01BC6F52B001E1FA3 /* PlaykidsZendeskNavigationViewController.h */ = {isa = PBXFileReference; fileEncoding = 4; lastKnownFileType = sourcecode.c.h; path = PlaykidsZendeskNavigationViewController.h; sourceTree = "<group>"; };
		974A1AA11BC6F52B001E1FA3 /* PlaykidsZendeskNavigationViewController.m */ = {isa = PBXFileReference; fileEncoding = 4; lastKnownFileType = sourcecode.c.objc; path = PlaykidsZendeskNavigationViewController.m; sourceTree = "<group>"; };
		974A1AAA1BC6F5DE001E1FA3 /* PlaykidsZendeskOptionsTableViewController.h */ = {isa = PBXFileReference; fileEncoding = 4; lastKnownFileType = sourcecode.c.h; path = PlaykidsZendeskOptionsTableViewController.h; sourceTree = "<group>"; };
		974A1AAB1BC6F5DE001E1FA3 /* PlaykidsZendeskOptionsTableViewController.m */ = {isa = PBXFileReference; fileEncoding = 4; lastKnownFileType = sourcecode.c.objc; path = PlaykidsZendeskOptionsTableViewController.m; sourceTree = "<group>"; };
		974A1AAC1BC6F5DE001E1FA3 /* PlaykidsZendeskOptionsTableViewController.xib */ = {isa = PBXFileReference; fileEncoding = 4; lastKnownFileType = file.xib; path = PlaykidsZendeskOptionsTableViewController.xib; sourceTree = "<group>"; };
		974A1AB01BC6FABB001E1FA3 /* PlaykidsZendeskOptionTableViewCell.h */ = {isa = PBXFileReference; fileEncoding = 4; lastKnownFileType = sourcecode.c.h; path = PlaykidsZendeskOptionTableViewCell.h; sourceTree = "<group>"; };
		974A1AB11BC6FABB001E1FA3 /* PlaykidsZendeskOptionTableViewCell.m */ = {isa = PBXFileReference; fileEncoding = 4; lastKnownFileType = sourcecode.c.objc; path = PlaykidsZendeskOptionTableViewCell.m; sourceTree = "<group>"; };
		974A1AB21BC6FABB001E1FA3 /* PlaykidsZendeskOptionTableViewCell.xib */ = {isa = PBXFileReference; fileEncoding = 4; lastKnownFileType = file.xib; path = PlaykidsZendeskOptionTableViewCell.xib; sourceTree = "<group>"; };
		974ECD9A1BC71FA900A288D2 /* ZendeskSDK.bundle */ = {isa = PBXFileReference; lastKnownFileType = "wrapper.plug-in"; path = ZendeskSDK.bundle; sourceTree = "<group>"; };
		974ECD9B1BC71FA900A288D2 /* ZendeskSDK.framework */ = {isa = PBXFileReference; lastKnownFileType = wrapper.framework; path = ZendeskSDK.framework; sourceTree = "<group>"; };
		974ECD9C1BC71FA900A288D2 /* ZendeskSDKStrings.bundle */ = {isa = PBXFileReference; lastKnownFileType = "wrapper.plug-in"; path = ZendeskSDKStrings.bundle; sourceTree = "<group>"; };
/* End PBXFileReference section */

/* Begin PBXFrameworksBuildPhase section */
		974A1A341BC6E5F6001E1FA3 /* Frameworks */ = {
			isa = PBXFrameworksBuildPhase;
			buildActionMask = 2147483647;
			files = (
				974ECD9E1BC71FA900A288D2 /* ZendeskSDK.framework in Frameworks */,
			);
			runOnlyForDeploymentPostprocessing = 0;
		};
		974A1A3F1BC6E5F7001E1FA3 /* Frameworks */ = {
			isa = PBXFrameworksBuildPhase;
			buildActionMask = 2147483647;
			files = (
				974A1A431BC6E5F7001E1FA3 /* PlaykidsZendeskSDK.framework in Frameworks */,
			);
			runOnlyForDeploymentPostprocessing = 0;
		};
/* End PBXFrameworksBuildPhase section */

/* Begin PBXGroup section */
		974A1A2E1BC6E5F6001E1FA3 = {
			isa = PBXGroup;
			children = (
				974A1A3A1BC6E5F6001E1FA3 /* PlaykidsZendeskSDK */,
				974A1A461BC6E5F7001E1FA3 /* PlaykidsZendeskSDKTests */,
				974A1A391BC6E5F6001E1FA3 /* Products */,
			);
			sourceTree = "<group>";
		};
		974A1A391BC6E5F6001E1FA3 /* Products */ = {
			isa = PBXGroup;
			children = (
				974A1A381BC6E5F6001E1FA3 /* PlaykidsZendeskSDK.framework */,
				974A1A421BC6E5F7001E1FA3 /* PlaykidsZendeskSDKTests.xctest */,
			);
			name = Products;
			sourceTree = "<group>";
		};
		974A1A3A1BC6E5F6001E1FA3 /* PlaykidsZendeskSDK */ = {
			isa = PBXGroup;
			children = (
				974ECD9A1BC71FA900A288D2 /* ZendeskSDK.bundle */,
				974ECD9B1BC71FA900A288D2 /* ZendeskSDK.framework */,
				974ECD9C1BC71FA900A288D2 /* ZendeskSDKStrings.bundle */,
				974A1A3B1BC6E5F6001E1FA3 /* PlaykidsZendeskSDK.h */,
				974A1A5A1BC6E75D001E1FA3 /* PlaykidsZendeskFlowManager.h */,
				974A1A5B1BC6E75D001E1FA3 /* PlaykidsZendeskFlowManager.m */,
				974A1AA01BC6F52B001E1FA3 /* PlaykidsZendeskNavigationViewController.h */,
				974A1AA11BC6F52B001E1FA3 /* PlaykidsZendeskNavigationViewController.m */,
				974A1AAA1BC6F5DE001E1FA3 /* PlaykidsZendeskOptionsTableViewController.h */,
				974A1AAB1BC6F5DE001E1FA3 /* PlaykidsZendeskOptionsTableViewController.m */,
				974A1AAC1BC6F5DE001E1FA3 /* PlaykidsZendeskOptionsTableViewController.xib */,
				974A1AB01BC6FABB001E1FA3 /* PlaykidsZendeskOptionTableViewCell.h */,
				974A1AB11BC6FABB001E1FA3 /* PlaykidsZendeskOptionTableViewCell.m */,
				974A1AB21BC6FABB001E1FA3 /* PlaykidsZendeskOptionTableViewCell.xib */,
				974A1A3D1BC6E5F6001E1FA3 /* Info.plist */,
			);
			path = PlaykidsZendeskSDK;
			sourceTree = "<group>";
		};
		974A1A461BC6E5F7001E1FA3 /* PlaykidsZendeskSDKTests */ = {
			isa = PBXGroup;
			children = (
				974A1A471BC6E5F7001E1FA3 /* PlaykidsZendeskSDKTests.m */,
				974A1A491BC6E5F7001E1FA3 /* Info.plist */,
			);
			path = PlaykidsZendeskSDKTests;
			sourceTree = "<group>";
		};
/* End PBXGroup section */

/* Begin PBXHeadersBuildPhase section */
		974A1A351BC6E5F6001E1FA3 /* Headers */ = {
			isa = PBXHeadersBuildPhase;
			buildActionMask = 2147483647;
			files = (
				974A1A5C1BC6E75D001E1FA3 /* PlaykidsZendeskFlowManager.h in Headers */,
				974A1AAD1BC6F5DE001E1FA3 /* PlaykidsZendeskOptionsTableViewController.h in Headers */,
				974A1AB31BC6FABB001E1FA3 /* PlaykidsZendeskOptionTableViewCell.h in Headers */,
				974A1A3C1BC6E5F6001E1FA3 /* PlaykidsZendeskSDK.h in Headers */,
				974A1AA21BC6F52B001E1FA3 /* PlaykidsZendeskNavigationViewController.h in Headers */,
			);
			runOnlyForDeploymentPostprocessing = 0;
		};
/* End PBXHeadersBuildPhase section */

/* Begin PBXNativeTarget section */
		974A1A371BC6E5F6001E1FA3 /* PlaykidsZendeskSDK */ = {
			isa = PBXNativeTarget;
			buildConfigurationList = 974A1A4C1BC6E5F7001E1FA3 /* Build configuration list for PBXNativeTarget "PlaykidsZendeskSDK" */;
			buildPhases = (
				974A1A331BC6E5F6001E1FA3 /* Sources */,
				974A1A341BC6E5F6001E1FA3 /* Frameworks */,
				974A1A351BC6E5F6001E1FA3 /* Headers */,
				974A1A361BC6E5F6001E1FA3 /* Resources */,
			);
			buildRules = (
			);
			dependencies = (
			);
			name = PlaykidsZendeskSDK;
			productName = PlaykidsZendeskSDK;
			productReference = 974A1A381BC6E5F6001E1FA3 /* PlaykidsZendeskSDK.framework */;
			productType = "com.apple.product-type.framework";
		};
		974A1A411BC6E5F7001E1FA3 /* PlaykidsZendeskSDKTests */ = {
			isa = PBXNativeTarget;
			buildConfigurationList = 974A1A4F1BC6E5F7001E1FA3 /* Build configuration list for PBXNativeTarget "PlaykidsZendeskSDKTests" */;
			buildPhases = (
				974A1A3E1BC6E5F7001E1FA3 /* Sources */,
				974A1A3F1BC6E5F7001E1FA3 /* Frameworks */,
				974A1A401BC6E5F7001E1FA3 /* Resources */,
			);
			buildRules = (
			);
			dependencies = (
				974A1A451BC6E5F7001E1FA3 /* PBXTargetDependency */,
			);
			name = PlaykidsZendeskSDKTests;
			productName = PlaykidsZendeskSDKTests;
			productReference = 974A1A421BC6E5F7001E1FA3 /* PlaykidsZendeskSDKTests.xctest */;
			productType = "com.apple.product-type.bundle.unit-test";
		};
/* End PBXNativeTarget section */

/* Begin PBXProject section */
		974A1A2F1BC6E5F6001E1FA3 /* Project object */ = {
			isa = PBXProject;
			attributes = {
				LastUpgradeCheck = 0700;
				ORGANIZATIONNAME = "Elton Mendes Vieira Junior";
				TargetAttributes = {
					974A1A371BC6E5F6001E1FA3 = {
						CreatedOnToolsVersion = 7.0.1;
					};
					974A1A411BC6E5F7001E1FA3 = {
						CreatedOnToolsVersion = 7.0.1;
					};
				};
			};
			buildConfigurationList = 974A1A321BC6E5F6001E1FA3 /* Build configuration list for PBXProject "PlaykidsZendeskSDK" */;
			compatibilityVersion = "Xcode 3.2";
			developmentRegion = English;
			hasScannedForEncodings = 0;
			knownRegions = (
				en,
			);
			mainGroup = 974A1A2E1BC6E5F6001E1FA3;
			productRefGroup = 974A1A391BC6E5F6001E1FA3 /* Products */;
			projectDirPath = "";
			projectRoot = "";
			targets = (
				974A1A371BC6E5F6001E1FA3 /* PlaykidsZendeskSDK */,
				974A1A411BC6E5F7001E1FA3 /* PlaykidsZendeskSDKTests */,
			);
		};
/* End PBXProject section */

/* Begin PBXResourcesBuildPhase section */
		974A1A361BC6E5F6001E1FA3 /* Resources */ = {
			isa = PBXResourcesBuildPhase;
			buildActionMask = 2147483647;
			files = (
				974ECD9F1BC71FA900A288D2 /* ZendeskSDKStrings.bundle in Resources */,
				974A1AB51BC6FABB001E1FA3 /* PlaykidsZendeskOptionTableViewCell.xib in Resources */,
				974ECD9D1BC71FA900A288D2 /* ZendeskSDK.bundle in Resources */,
				974A1AAF1BC6F5DE001E1FA3 /* PlaykidsZendeskOptionsTableViewController.xib in Resources */,
			);
			runOnlyForDeploymentPostprocessing = 0;
		};
		974A1A401BC6E5F7001E1FA3 /* Resources */ = {
			isa = PBXResourcesBuildPhase;
			buildActionMask = 2147483647;
			files = (
			);
			runOnlyForDeploymentPostprocessing = 0;
		};
/* End PBXResourcesBuildPhase section */

/* Begin PBXSourcesBuildPhase section */
		974A1A331BC6E5F6001E1FA3 /* Sources */ = {
			isa = PBXSourcesBuildPhase;
			buildActionMask = 2147483647;
			files = (
				974A1AB41BC6FABB001E1FA3 /* PlaykidsZendeskOptionTableViewCell.m in Sources */,
				974A1AAE1BC6F5DE001E1FA3 /* PlaykidsZendeskOptionsTableViewController.m in Sources */,
				974A1AA31BC6F52B001E1FA3 /* PlaykidsZendeskNavigationViewController.m in Sources */,
				974A1A5D1BC6E75D001E1FA3 /* PlaykidsZendeskFlowManager.m in Sources */,
			);
			runOnlyForDeploymentPostprocessing = 0;
		};
		974A1A3E1BC6E5F7001E1FA3 /* Sources */ = {
			isa = PBXSourcesBuildPhase;
			buildActionMask = 2147483647;
			files = (
				974A1A481BC6E5F7001E1FA3 /* PlaykidsZendeskSDKTests.m in Sources */,
			);
			runOnlyForDeploymentPostprocessing = 0;
		};
/* End PBXSourcesBuildPhase section */

/* Begin PBXTargetDependency section */
		974A1A451BC6E5F7001E1FA3 /* PBXTargetDependency */ = {
			isa = PBXTargetDependency;
			target = 974A1A371BC6E5F6001E1FA3 /* PlaykidsZendeskSDK */;
			targetProxy = 974A1A441BC6E5F7001E1FA3 /* PBXContainerItemProxy */;
		};
/* End PBXTargetDependency section */

/* Begin XCBuildConfiguration section */
		974A1A4A1BC6E5F7001E1FA3 /* Debug */ = {
			isa = XCBuildConfiguration;
			buildSettings = {
				ALWAYS_SEARCH_USER_PATHS = NO;
				CLANG_ALLOW_NON_MODULAR_INCLUDES_IN_FRAMEWORK_MODULES = NO;
				CLANG_CXX_LANGUAGE_STANDARD = "gnu++0x";
				CLANG_CXX_LIBRARY = "libc++";
				CLANG_ENABLE_MODULES = YES;
				CLANG_ENABLE_OBJC_ARC = YES;
				CLANG_WARN_BOOL_CONVERSION = YES;
				CLANG_WARN_CONSTANT_CONVERSION = YES;
				CLANG_WARN_DIRECT_OBJC_ISA_USAGE = YES_ERROR;
				CLANG_WARN_EMPTY_BODY = YES;
				CLANG_WARN_ENUM_CONVERSION = YES;
				CLANG_WARN_INT_CONVERSION = YES;
				CLANG_WARN_OBJC_ROOT_CLASS = YES_ERROR;
				CLANG_WARN_UNREACHABLE_CODE = YES;
				CLANG_WARN__DUPLICATE_METHOD_MATCH = YES;
				"CODE_SIGN_IDENTITY[sdk=iphoneos*]" = "iPhone Developer";
				COPY_PHASE_STRIP = NO;
				CURRENT_PROJECT_VERSION = 1;
				DEBUG_INFORMATION_FORMAT = dwarf;
				ENABLE_STRICT_OBJC_MSGSEND = YES;
				ENABLE_TESTABILITY = YES;
				GCC_C_LANGUAGE_STANDARD = gnu99;
				GCC_DYNAMIC_NO_PIC = NO;
				GCC_NO_COMMON_BLOCKS = YES;
				GCC_OPTIMIZATION_LEVEL = 0;
				GCC_PREPROCESSOR_DEFINITIONS = (
					"DEBUG=1",
					"$(inherited)",
				);
				GCC_WARN_64_TO_32_BIT_CONVERSION = YES;
				GCC_WARN_ABOUT_RETURN_TYPE = YES_ERROR;
				GCC_WARN_UNDECLARED_SELECTOR = YES;
				GCC_WARN_UNINITIALIZED_AUTOS = YES_AGGRESSIVE;
				GCC_WARN_UNUSED_FUNCTION = YES;
				GCC_WARN_UNUSED_VARIABLE = YES;
				IPHONEOS_DEPLOYMENT_TARGET = 9.0;
				MTL_ENABLE_DEBUG_INFO = YES;
				ONLY_ACTIVE_ARCH = YES;
				SDKROOT = iphoneos;
				TARGETED_DEVICE_FAMILY = "1,2";
				VERSIONING_SYSTEM = "apple-generic";
				VERSION_INFO_PREFIX = "";
			};
			name = Debug;
		};
		974A1A4B1BC6E5F7001E1FA3 /* Release */ = {
			isa = XCBuildConfiguration;
			buildSettings = {
				ALWAYS_SEARCH_USER_PATHS = NO;
				CLANG_ALLOW_NON_MODULAR_INCLUDES_IN_FRAMEWORK_MODULES = NO;
				CLANG_CXX_LANGUAGE_STANDARD = "gnu++0x";
				CLANG_CXX_LIBRARY = "libc++";
				CLANG_ENABLE_MODULES = YES;
				CLANG_ENABLE_OBJC_ARC = YES;
				CLANG_WARN_BOOL_CONVERSION = YES;
				CLANG_WARN_CONSTANT_CONVERSION = YES;
				CLANG_WARN_DIRECT_OBJC_ISA_USAGE = YES_ERROR;
				CLANG_WARN_EMPTY_BODY = YES;
				CLANG_WARN_ENUM_CONVERSION = YES;
				CLANG_WARN_INT_CONVERSION = YES;
				CLANG_WARN_OBJC_ROOT_CLASS = YES_ERROR;
				CLANG_WARN_UNREACHABLE_CODE = YES;
				CLANG_WARN__DUPLICATE_METHOD_MATCH = YES;
				"CODE_SIGN_IDENTITY[sdk=iphoneos*]" = "iPhone Developer";
				COPY_PHASE_STRIP = NO;
				CURRENT_PROJECT_VERSION = 1;
				DEBUG_INFORMATION_FORMAT = "dwarf-with-dsym";
				ENABLE_NS_ASSERTIONS = NO;
				ENABLE_STRICT_OBJC_MSGSEND = YES;
				GCC_C_LANGUAGE_STANDARD = gnu99;
				GCC_NO_COMMON_BLOCKS = YES;
				GCC_WARN_64_TO_32_BIT_CONVERSION = YES;
				GCC_WARN_ABOUT_RETURN_TYPE = YES_ERROR;
				GCC_WARN_UNDECLARED_SELECTOR = YES;
				GCC_WARN_UNINITIALIZED_AUTOS = YES_AGGRESSIVE;
				GCC_WARN_UNUSED_FUNCTION = YES;
				GCC_WARN_UNUSED_VARIABLE = YES;
				IPHONEOS_DEPLOYMENT_TARGET = 9.0;
				MTL_ENABLE_DEBUG_INFO = NO;
				SDKROOT = iphoneos;
				TARGETED_DEVICE_FAMILY = "1,2";
				VALIDATE_PRODUCT = YES;
				VERSIONING_SYSTEM = "apple-generic";
				VERSION_INFO_PREFIX = "";
			};
			name = Release;
		};
		974A1A4D1BC6E5F7001E1FA3 /* Debug */ = {
			isa = XCBuildConfiguration;
			buildSettings = {
				CLANG_ALLOW_NON_MODULAR_INCLUDES_IN_FRAMEWORK_MODULES = NO;
				CLANG_ENABLE_MODULES = YES;
				DEFINES_MODULE = YES;
				DYLIB_COMPATIBILITY_VERSION = 1;
				DYLIB_CURRENT_VERSION = 1;
				DYLIB_INSTALL_NAME_BASE = "@rpath";
				FRAMEWORK_SEARCH_PATHS = (
					"$(inherited)",
					"$(PROJECT_DIR)/PlaykidsZendeskSDK/zendesk_sdk_ios-master/SampleApp/SampleApp/Frameworks",
					"$(PROJECT_DIR)/PlaykidsZendeskSDK",
				);
				INFOPLIST_FILE = PlaykidsZendeskSDK/Info.plist;
				INSTALL_PATH = "$(LOCAL_LIBRARY_DIR)/Frameworks";
				IPHONEOS_DEPLOYMENT_TARGET = 8.0;
				LD_RUNPATH_SEARCH_PATHS = "$(inherited) @executable_path/Frameworks @loader_path/Frameworks";
				PRODUCT_BUNDLE_IDENTIFIER = com.movile.playkids.talk.PlaykidsZendeskSDK;
				PRODUCT_NAME = "$(TARGET_NAME)";
				SKIP_INSTALL = YES;
			};
			name = Debug;
		};
		974A1A4E1BC6E5F7001E1FA3 /* Release */ = {
			isa = XCBuildConfiguration;
			buildSettings = {
				CLANG_ALLOW_NON_MODULAR_INCLUDES_IN_FRAMEWORK_MODULES = NO;
				CLANG_ENABLE_MODULES = YES;
				DEFINES_MODULE = YES;
				DYLIB_COMPATIBILITY_VERSION = 1;
				DYLIB_CURRENT_VERSION = 1;
				DYLIB_INSTALL_NAME_BASE = "@rpath";
				FRAMEWORK_SEARCH_PATHS = (
					"$(inherited)",
					"$(PROJECT_DIR)/PlaykidsZendeskSDK/zendesk_sdk_ios-master/SampleApp/SampleApp/Frameworks",
					"$(PROJECT_DIR)/PlaykidsZendeskSDK",
				);
				INFOPLIST_FILE = PlaykidsZendeskSDK/Info.plist;
				INSTALL_PATH = "$(LOCAL_LIBRARY_DIR)/Frameworks";
				IPHONEOS_DEPLOYMENT_TARGET = 8.0;
				LD_RUNPATH_SEARCH_PATHS = "$(inherited) @executable_path/Frameworks @loader_path/Frameworks";
				PRODUCT_BUNDLE_IDENTIFIER = com.movile.playkids.talk.PlaykidsZendeskSDK;
				PRODUCT_NAME = "$(TARGET_NAME)";
				SKIP_INSTALL = YES;
			};
			name = Release;
		};
		974A1A501BC6E5F7001E1FA3 /* Debug */ = {
			isa = XCBuildConfiguration;
			buildSettings = {
				INFOPLIST_FILE = PlaykidsZendeskSDKTests/Info.plist;
				LD_RUNPATH_SEARCH_PATHS = "$(inherited) @executable_path/Frameworks @loader_path/Frameworks";
				PRODUCT_BUNDLE_IDENTIFIER = com.movile.playkids.talk.PlaykidsZendeskSDKTests;
				PRODUCT_NAME = "$(TARGET_NAME)";
			};
			name = Debug;
		};
		974A1A511BC6E5F7001E1FA3 /* Release */ = {
			isa = XCBuildConfiguration;
			buildSettings = {
				INFOPLIST_FILE = PlaykidsZendeskSDKTests/Info.plist;
				LD_RUNPATH_SEARCH_PATHS = "$(inherited) @executable_path/Frameworks @loader_path/Frameworks";
				PRODUCT_BUNDLE_IDENTIFIER = com.movile.playkids.talk.PlaykidsZendeskSDKTests;
				PRODUCT_NAME = "$(TARGET_NAME)";
			};
			name = Release;
		};
/* End XCBuildConfiguration section */

/* Begin XCConfigurationList section */
		974A1A321BC6E5F6001E1FA3 /* Build configuration list for PBXProject "PlaykidsZendeskSDK" */ = {
			isa = XCConfigurationList;
			buildConfigurations = (
				974A1A4A1BC6E5F7001E1FA3 /* Debug */,
				974A1A4B1BC6E5F7001E1FA3 /* Release */,
			);
			defaultConfigurationIsVisible = 0;
			defaultConfigurationName = Release;
		};
		974A1A4C1BC6E5F7001E1FA3 /* Build configuration list for PBXNativeTarget "PlaykidsZendeskSDK" */ = {
			isa = XCConfigurationList;
			buildConfigurations = (
				974A1A4D1BC6E5F7001E1FA3 /* Debug */,
				974A1A4E1BC6E5F7001E1FA3 /* Release */,
			);
			defaultConfigurationIsVisible = 0;
			defaultConfigurationName = Release;
		};
		974A1A4F1BC6E5F7001E1FA3 /* Build configuration list for PBXNativeTarget "PlaykidsZendeskSDKTests" */ = {
			isa = XCConfigurationList;
			buildConfigurations = (
				974A1A501BC6E5F7001E1FA3 /* Debug */,
				974A1A511BC6E5F7001E1FA3 /* Release */,
			);
			defaultConfigurationIsVisible = 0;
			defaultConfigurationName = Release;
		};
/* End XCConfigurationList section */
	};
	rootObject = 974A1A2F1BC6E5F6001E1FA3 /* Project object */;
}
